
Microsoft Visual Studio Solution File, Format Version 12.00
# Visual Studio Version 17
VisualStudioVersion = 17.8.34511.84
MinimumVisualStudioVersion = 10.0.40219.1
Project("{FAE04EC0-301F-11D3-BF4B-00C04F79EFBC}") = "GUI - application", "GUI - application\GUI - application.csproj", "{7B0067AB-8D92-4197-92CD-1992E877317B}"
EndProject
Global
	GlobalSection(SolutionConfigurationPlatforms) = preSolution
		Debug|Any CPU = Debug|Any CPU
		Release|Any CPU = Release|Any CPU
	EndGlobalSection
	GlobalSection(ProjectConfigurationPlatforms) = postSolution
		{7B0067AB-8D92-4197-92CD-1992E877317B}.Debug|Any CPU.ActiveCfg = Debug|Any CPU
		{7B0067AB-8D92-4197-92CD-1992E877317B}.Debug|Any CPU.Build.0 = Debug|Any CPU
		{7B0067AB-8D92-4197-92CD-1992E877317B}.Release|Any CPU.ActiveCfg = Release|Any CPU
		{7B0067AB-8D92-4197-92CD-1992E877317B}.Release|Any CPU.Build.0 = Release|Any CPU
	EndGlobalSection
	GlobalSection(SolutionProperties) = preSolution
		HideSolutionNode = FALSE
	EndGlobalSection
	GlobalSection(ExtensibilityGlobals) = postSolution
		SolutionGuid = {9D7DD8FD-9D18-41A1-BAAE-8D207A5A83FC}
	EndGlobalSection
EndGlobal
